
Microsoft Visual Studio Solution File, Format Version 12.00
# Visual Studio Version 16
VisualStudioVersion = 16.0.30523.141
MinimumVisualStudioVersion = 10.0.40219.1
Project("{FAE04EC0-301F-11D3-BF4B-00C04F79EFBC}") = "Lab3_Library", "Lab3_Library\Lab3_Library.csproj", "{B8503936-3EC8-47C6-ABD7-3973A44ADC0D}"
EndProject
Global
	GlobalSection(SolutionConfigurationPlatforms) = preSolution
		Debug|Any CPU = Debug|Any CPU
		Release|Any CPU = Release|Any CPU
	EndGlobalSection
	GlobalSection(ProjectConfigurationPlatforms) = postSolution
		{B8503936-3EC8-47C6-ABD7-3973A44ADC0D}.Debug|Any CPU.ActiveCfg = Debug|Any CPU
		{B8503936-3EC8-47C6-ABD7-3973A44ADC0D}.Debug|Any CPU.Build.0 = Debug|Any CPU
		{B8503936-3EC8-47C6-ABD7-3973A44ADC0D}.Release|Any CPU.ActiveCfg = Release|Any CPU
		{B8503936-3EC8-47C6-ABD7-3973A44ADC0D}.Release|Any CPU.Build.0 = Release|Any CPU
	EndGlobalSection
	GlobalSection(SolutionProperties) = preSolution
		HideSolutionNode = FALSE
	EndGlobalSection
	GlobalSection(ExtensibilityGlobals) = postSolution
		SolutionGuid = {8416CC87-C5E2-4A53-899C-E238BF2CF669}
	EndGlobalSection
EndGlobal
